
Microsoft Visual Studio Solution File, Format Version 12.00
# Visual Studio Version 16
VisualStudioVersion = 16.0.30611.23
MinimumVisualStudioVersion = 10.0.40219.1
Project("{FAE04EC0-301F-11D3-BF4B-00C04F79EFBC}") = "CovidWorldOMeterScraper", "CovidWorldOMeterScraper\CovidWorldOMeterScraper.csproj", "{2E308545-E231-4A74-A5CA-EA088343A71D}"
EndProject
Global
	GlobalSection(SolutionConfigurationPlatforms) = preSolution
		Debug|Any CPU = Debug|Any CPU
		Release|Any CPU = Release|Any CPU
	EndGlobalSection
	GlobalSection(ProjectConfigurationPlatforms) = postSolution
		{2E308545-E231-4A74-A5CA-EA088343A71D}.Debug|Any CPU.ActiveCfg = Debug|Any CPU
		{2E308545-E231-4A74-A5CA-EA088343A71D}.Debug|Any CPU.Build.0 = Debug|Any CPU
		{2E308545-E231-4A74-A5CA-EA088343A71D}.Release|Any CPU.ActiveCfg = Release|Any CPU
		{2E308545-E231-4A74-A5CA-EA088343A71D}.Release|Any CPU.Build.0 = Release|Any CPU
	EndGlobalSection
	GlobalSection(SolutionProperties) = preSolution
		HideSolutionNode = FALSE
	EndGlobalSection
	GlobalSection(ExtensibilityGlobals) = postSolution
		SolutionGuid = {6970B036-38E2-4E21-902E-7777177C0CB1}
	EndGlobalSection
EndGlobal
